PODS:
  - YHCrashProtector (0.1.0):
    - YHCrashProtector/no-arc (= 0.1.0)
  - YHCrashProtector/no-arc (0.1.0)

DEPENDENCIES:
  - YHCrashProtector (from `../`)

EXTERNAL SOURCES:
  YHCrashProtector:
    :path: "../"

SPEC CHECKSUMS:
  YHCrashProtector: e79f68c0bbf8f60d7b20f3744b5bef30dcac79f7

PODFILE CHECKSUM: 8915c2f085b7e418185661950959b7fe3a7a1588

COCOAPODS: 1.10.0
